
Microsoft Visual Studio Solution File, Format Version 12.00
# Visual Studio Version 17
VisualStudioVersion = 17.5.002.0
MinimumVisualStudioVersion = 10.0.40219.1
Project("{2150E333-8FDC-42A3-9474-1A3956D46DE8}") = "backend", "backend", "{1FA42756-6667-48FA-921F-D89C8878C918}"
EndProject
Project("{9A19103F-16F7-4668-BE54-9A1E7A4F7556}") = "api", "backend\api\api.csproj", "{9C5730A6-6EAA-4A1F-B703-F7A46B3FC60A}"
EndProject
Global
	GlobalSection(SolutionConfigurationPlatforms) = preSolution
		Debug|Any CPU = Debug|Any CPU
		Release|Any CPU = Release|Any CPU
	EndGlobalSection
	GlobalSection(ProjectConfigurationPlatforms) = postSolution
		{9C5730A6-6EAA-4A1F-B703-F7A46B3FC60A}.Debug|Any CPU.ActiveCfg = Debug|Any CPU
		{9C5730A6-6EAA-4A1F-B703-F7A46B3FC60A}.Debug|Any CPU.Build.0 = Debug|Any CPU
		{9C5730A6-6EAA-4A1F-B703-F7A46B3FC60A}.Release|Any CPU.ActiveCfg = Release|Any CPU
		{9C5730A6-6EAA-4A1F-B703-F7A46B3FC60A}.Release|Any CPU.Build.0 = Release|Any CPU
	EndGlobalSection
	GlobalSection(SolutionProperties) = preSolution
		HideSolutionNode = FALSE
	EndGlobalSection
	GlobalSection(NestedProjects) = preSolution
		{9C5730A6-6EAA-4A1F-B703-F7A46B3FC60A} = {1FA42756-6667-48FA-921F-D89C8878C918}
	EndGlobalSection
	GlobalSection(ExtensibilityGlobals) = postSolution
		SolutionGuid = {27990DEF-FDA4-46A6-833C-EE26BA2A4790}
	EndGlobalSection
EndGlobal
